// !$*UTF8*$!
{
	archiveVersion = 1;
	classes = {
	};
	objectVersion = 46;
	objects = {

/* Begin PBXBuildFile section */
		4C07BB4F1BE5CF41003E799B /* UIAgreementViewController.swift in Sources */ = {isa = PBXBuildFile; fileRef = 4C07BB4D1BE5CF41003E799B /* UIAgreementViewController.swift */; };
		4C07BB501BE5CF41003E799B /* UIAgreementViewController.xib in Resources */ = {isa = PBXBuildFile; fileRef = 4C07BB4E1BE5CF41003E799B /* UIAgreementViewController.xib */; };
		4C07BB531BE5F433003E799B /* UIFullInfoViewController.swift in Sources */ = {isa = PBXBuildFile; fileRef = 4C07BB511BE5F433003E799B /* UIFullInfoViewController.swift */; };
		4C07BB541BE5F433003E799B /* UIFullInfoViewController.xib in Resources */ = {isa = PBXBuildFile; fileRef = 4C07BB521BE5F433003E799B /* UIFullInfoViewController.xib */; };
		4C07BB571BE5F445003E799B /* UIFirstInfoViewController.swift in Sources */ = {isa = PBXBuildFile; fileRef = 4C07BB551BE5F445003E799B /* UIFirstInfoViewController.swift */; };
		4C07BB581BE5F445003E799B /* UIFirstInfoViewController.xib in Resources */ = {isa = PBXBuildFile; fileRef = 4C07BB561BE5F445003E799B /* UIFirstInfoViewController.xib */; };
		4C07BB5B1BE5F456003E799B /* UISecondInfoViewController.swift in Sources */ = {isa = PBXBuildFile; fileRef = 4C07BB591BE5F456003E799B /* UISecondInfoViewController.swift */; };
		4C07BB5C1BE5F456003E799B /* UISecondInfoViewController.xib in Resources */ = {isa = PBXBuildFile; fileRef = 4C07BB5A1BE5F456003E799B /* UISecondInfoViewController.xib */; };
		4C07BB5F1BE60769003E799B /* UICenterTableViewCell.swift in Sources */ = {isa = PBXBuildFile; fileRef = 4C07BB5D1BE60769003E799B /* UICenterTableViewCell.swift */; };
		4C07BB601BE60769003E799B /* UICenterTableViewCell.xib in Resources */ = {isa = PBXBuildFile; fileRef = 4C07BB5E1BE60769003E799B /* UICenterTableViewCell.xib */; };
		4CA2A8361BE9C4BF0094A6FC /* UIActivityTableViewCell.swift in Sources */ = {isa = PBXBuildFile; fileRef = 4CA2A8341BE9C4BF0094A6FC /* UIActivityTableViewCell.swift */; };
		4CA2A8371BE9C4BF0094A6FC /* UIActivityTableViewCell.xib in Resources */ = {isa = PBXBuildFile; fileRef = 4CA2A8351BE9C4BF0094A6FC /* UIActivityTableViewCell.xib */; };
		4CA2A83A1BE9C4D70094A6FC /* UITopicTableViewCell.swift in Sources */ = {isa = PBXBuildFile; fileRef = 4CA2A8381BE9C4D70094A6FC /* UITopicTableViewCell.swift */; };
		4CA2A83B1BE9C4D70094A6FC /* UITopicTableViewCell.xib in Resources */ = {isa = PBXBuildFile; fileRef = 4CA2A8391BE9C4D70094A6FC /* UITopicTableViewCell.xib */; };
		4CA2A83E1BE9C57B0094A6FC /* UIExchangeTableViewCell.swift in Sources */ = {isa = PBXBuildFile; fileRef = 4CA2A83C1BE9C57B0094A6FC /* UIExchangeTableViewCell.swift */; };
		4CA2A83F1BE9C57B0094A6FC /* UIExchangeTableViewCell.xib in Resources */ = {isa = PBXBuildFile; fileRef = 4CA2A83D1BE9C57B0094A6FC /* UIExchangeTableViewCell.xib */; };
		4CA2A84D1BEA40C20094A6FC /* UIButton+CustomStyle.m in Sources */ = {isa = PBXBuildFile; fileRef = 4CA2A84C1BEA40C20094A6FC /* UIButton+CustomStyle.m */; };
		4CA2A8541BEA456D0094A6FC /* UIImage+SingleColor.m in Sources */ = {isa = PBXBuildFile; fileRef = 4CA2A8531BEA456D0094A6FC /* UIImage+SingleColor.m */; };
		4CA2A8581BEA49880094A6FC /* UIActivityCollectionViewCell.swift in Sources */ = {isa = PBXBuildFile; fileRef = 4CA2A8561BEA49880094A6FC /* UIActivityCollectionViewCell.swift */; };
		4CA2A8591BEA49880094A6FC /* UIActivityCollectionViewCell.xib in Resources */ = {isa = PBXBuildFile; fileRef = 4CA2A8571BEA49880094A6FC /* UIActivityCollectionViewCell.xib */; };
		4CA2A85B1BEA4B680094A6FC /* UIActivityView.swift in Sources */ = {isa = PBXBuildFile; fileRef = 4CA2A85A1BEA4B680094A6FC /* UIActivityView.swift */; };
		4CA2A85D1BEA4B750094A6FC /* UIActivityView.xib in Resources */ = {isa = PBXBuildFile; fileRef = 4CA2A85C1BEA4B750094A6FC /* UIActivityView.xib */; };
		4CA2A85F1BEA4B970094A6FC /* UITopicView.swift in Sources */ = {isa = PBXBuildFile; fileRef = 4CA2A85E1BEA4B970094A6FC /* UITopicView.swift */; };
		4CA2A8611BEA4BA90094A6FC /* UITopicView.xib in Resources */ = {isa = PBXBuildFile; fileRef = 4CA2A8601BEA4BA90094A6FC /* UITopicView.xib */; };
		4CA2A8631BEA4BC00094A6FC /* UIExchangeView.xib in Resources */ = {isa = PBXBuildFile; fileRef = 4CA2A8621BEA4BC00094A6FC /* UIExchangeView.xib */; };
		4CA2A8651BEA4BCD0094A6FC /* UIExchangeView.swift in Sources */ = {isa = PBXBuildFile; fileRef = 4CA2A8641BEA4BCD0094A6FC /* UIExchangeView.swift */; };
		4CA2A8681BEA58E70094A6FC /* UIJoinViewController.swift in Sources */ = {isa = PBXBuildFile; fileRef = 4CA2A8661BEA58E70094A6FC /* UIJoinViewController.swift */; };
		4CA2A8691BEA58E70094A6FC /* UIJoinViewController.xib in Resources */ = {isa = PBXBuildFile; fileRef = 4CA2A8671BEA58E70094A6FC /* UIJoinViewController.xib */; };
		4CA2A86C1BEA58F90094A6FC /* UIActivityInfoViewController.swift in Sources */ = {isa = PBXBuildFile; fileRef = 4CA2A86A1BEA58F90094A6FC /* UIActivityInfoViewController.swift */; };
		4CA2A86D1BEA58F90094A6FC /* UIActivityInfoViewController.xib in Resources */ = {isa = PBXBuildFile; fileRef = 4CA2A86B1BEA58F90094A6FC /* UIActivityInfoViewController.xib */; };
		4CA2A8701BEAE8D50094A6FC /* UIActivityInfoFirstTableViewCell.swift in Sources */ = {isa = PBXBuildFile; fileRef = 4CA2A86E1BEAE8D50094A6FC /* UIActivityInfoFirstTableViewCell.swift */; };
		4CA2A8711BEAE8D50094A6FC /* UIActivityInfoFirstTableViewCell.xib in Resources */ = {isa = PBXBuildFile; fileRef = 4CA2A86F1BEAE8D50094A6FC /* UIActivityInfoFirstTableViewCell.xib */; };
		4CA2A8741BEAE8E80094A6FC /* UIActivityInfoSecondTableViewCell.swift in Sources */ = {isa = PBXBuildFile; fileRef = 4CA2A8721BEAE8E80094A6FC /* UIActivityInfoSecondTableViewCell.swift */; };
		4CA2A8751BEAE8E80094A6FC /* UIActivityInfoSecondTableViewCell.xib in Resources */ = {isa = PBXBuildFile; fileRef = 4CA2A8731BEAE8E80094A6FC /* UIActivityInfoSecondTableViewCell.xib */; };
		4CA2A8781BEAE9150094A6FC /* UIActivityInfoThirdTableViewCell.swift in Sources */ = {isa = PBXBuildFile; fileRef = 4CA2A8761BEAE9150094A6FC /* UIActivityInfoThirdTableViewCell.swift */; };
		4CA2A8791BEAE9150094A6FC /* UIActivityInfoThirdTableViewCell.xib in Resources */ = {isa = PBXBuildFile; fileRef = 4CA2A8771BEAE9150094A6FC /* UIActivityInfoThirdTableViewCell.xib */; };
		4CA2A87C1BEAE93B0094A6FC /* UIActivityInfoForthTableViewCell.swift in Sources */ = {isa = PBXBuildFile; fileRef = 4CA2A87A1BEAE93B0094A6FC /* UIActivityInfoForthTableViewCell.swift */; };
		4CA2A87D1BEAE93B0094A6FC /* UIActivityInfoForthTableViewCell.xib in Resources */ = {isa = PBXBuildFile; fileRef = 4CA2A87B1BEAE93B0094A6FC /* UIActivityInfoForthTableViewCell.xib */; };
		4CA2A8801BEAE9520094A6FC /* UIActivityInfoFifthTableViewCell.swift in Sources */ = {isa = PBXBuildFile; fileRef = 4CA2A87E1BEAE9520094A6FC /* UIActivityInfoFifthTableViewCell.swift */; };
		4CA2A8811BEAE9520094A6FC /* UIActivityInfoFifthTableViewCell.xib in Resources */ = {isa = PBXBuildFile; fileRef = 4CA2A87F1BEAE9520094A6FC /* UIActivityInfoFifthTableViewCell.xib */; };
		4CA59AC61BE79B3300C614FC /* UIChooseAddressViewController.swift in Sources */ = {isa = PBXBuildFile; fileRef = 4CA59AC41BE79B3300C614FC /* UIChooseAddressViewController.swift */; };
		4CA59AC71BE79B3300C614FC /* UIChooseAddressViewController.xib in Resources */ = {isa = PBXBuildFile; fileRef = 4CA59AC51BE79B3300C614FC /* UIChooseAddressViewController.xib */; };
		4CA59ACA1BE7B07600C614FC /* UILocalNavigationView.swift in Sources */ = {isa = PBXBuildFile; fileRef = 4CA59AC91BE7B07600C614FC /* UILocalNavigationView.swift */; };
		4CA59ACC1BE7B08400C614FC /* UILocalNavigationView.xib in Resources */ = {isa = PBXBuildFile; fileRef = 4CA59ACB1BE7B08400C614FC /* UILocalNavigationView.xib */; };
		4CA59ACE1BE85B5C00C614FC /* UIShowNavigationView.swift in Sources */ = {isa = PBXBuildFile; fileRef = 4CA59ACD1BE85B5C00C614FC /* UIShowNavigationView.swift */; };
		4CA59AD01BE85B6800C614FC /* UIShowNavigationView.xib in Resources */ = {isa = PBXBuildFile; fileRef = 4CA59ACF1BE85B6800C614FC /* UIShowNavigationView.xib */; };
		4CF6EF5E1BDCA47600CC5BA7 /* AppDelegate.swift in Sources */ = {isa = PBXBuildFile; fileRef = 4CF6EF5D1BDCA47600CC5BA7 /* AppDelegate.swift */; };
		4CF6EF601BDCA47600CC5BA7 /* ViewController.swift in Sources */ = {isa = PBXBuildFile; fileRef = 4CF6EF5F1BDCA47600CC5BA7 /* ViewController.swift */; };
		4CF6EF631BDCA47600CC5BA7 /* Main.storyboard in Resources */ = {isa = PBXBuildFile; fileRef = 4CF6EF611BDCA47600CC5BA7 /* Main.storyboard */; };
		4CF6EF651BDCA47600CC5BA7 /* Assets.xcassets in Resources */ = {isa = PBXBuildFile; fileRef = 4CF6EF641BDCA47600CC5BA7 /* Assets.xcassets */; };
		4CF6EF681BDCA47600CC5BA7 /* LaunchScreen.storyboard in Resources */ = {isa = PBXBuildFile; fileRef = 4CF6EF661BDCA47600CC5BA7 /* LaunchScreen.storyboard */; };
		4CF6EF731BDCA47600CC5BA7 /* BabyLinkTests.swift in Sources */ = {isa = PBXBuildFile; fileRef = 4CF6EF721BDCA47600CC5BA7 /* BabyLinkTests.swift */; };
		4CF6EF7E1BDCA47600CC5BA7 /* BabyLinkUITests.swift in Sources */ = {isa = PBXBuildFile; fileRef = 4CF6EF7D1BDCA47600CC5BA7 /* BabyLinkUITests.swift */; };
		4CF6EFA21BDE5A2600CC5BA7 /* UIBaseNavViewController.swift in Sources */ = {isa = PBXBuildFile; fileRef = 4CF6EFA01BDE5A2600CC5BA7 /* UIBaseNavViewController.swift */; };
		4CF6EFA31BDE5A2600CC5BA7 /* UIBaseNavViewController.xib in Resources */ = {isa = PBXBuildFile; fileRef = 4CF6EFA11BDE5A2600CC5BA7 /* UIBaseNavViewController.xib */; };
		4CF6EFA61BDE5A4700CC5BA7 /* UIBaseTabBarController.swift in Sources */ = {isa = PBXBuildFile; fileRef = 4CF6EFA41BDE5A4700CC5BA7 /* UIBaseTabBarController.swift */; };
		4CF6EFA71BDE5A4700CC5BA7 /* UIBaseTabBarController.xib in Resources */ = {isa = PBXBuildFile; fileRef = 4CF6EFA51BDE5A4700CC5BA7 /* UIBaseTabBarController.xib */; };
		4CF6EFAC1BDF50E900CC5BA7 /* UIBridgeViewController.m in Sources */ = {isa = PBXBuildFile; fileRef = 4CF6EFAA1BDF50E900CC5BA7 /* UIBridgeViewController.m */; };
		4CF6EFAD1BDF50E900CC5BA7 /* UIBridgeViewController.xib in Resources */ = {isa = PBXBuildFile; fileRef = 4CF6EFAB1BDF50E900CC5BA7 /* UIBridgeViewController.xib */; };
		4CF6EFB01BDF512B00CC5BA7 /* UIBaseViewController.swift in Sources */ = {isa = PBXBuildFile; fileRef = 4CF6EFAE1BDF512B00CC5BA7 /* UIBaseViewController.swift */; };
		4CF6EFB11BDF512B00CC5BA7 /* UIBaseViewController.xib in Resources */ = {isa = PBXBuildFile; fileRef = 4CF6EFAF1BDF512B00CC5BA7 /* UIBaseViewController.xib */; };
		4CF6EFB41BDF68AD00CC5BA7 /* UILocalViewController.swift in Sources */ = {isa = PBXBuildFile; fileRef = 4CF6EFB21BDF68AD00CC5BA7 /* UILocalViewController.swift */; };
		4CF6EFB51BDF68AD00CC5BA7 /* UILocalViewController.xib in Resources */ = {isa = PBXBuildFile; fileRef = 4CF6EFB31BDF68AD00CC5BA7 /* UILocalViewController.xib */; };
		4CF6EFB81BDF6ED000CC5BA7 /* UIShowViewController.swift in Sources */ = {isa = PBXBuildFile; fileRef = 4CF6EFB61BDF6ED000CC5BA7 /* UIShowViewController.swift */; };
		4CF6EFB91BDF6ED000CC5BA7 /* UIShowViewController.xib in Resources */ = {isa = PBXBuildFile; fileRef = 4CF6EFB71BDF6ED000CC5BA7 /* UIShowViewController.xib */; };
		4CF6EFBC1BDF6EE300CC5BA7 /* UIFindViewController.swift in Sources */ = {isa = PBXBuildFile; fileRef = 4CF6EFBA1BDF6EE300CC5BA7 /* UIFindViewController.swift */; };
		4CF6EFBD1BDF6EE300CC5BA7 /* UIFindViewController.xib in Resources */ = {isa = PBXBuildFile; fileRef = 4CF6EFBB1BDF6EE300CC5BA7 /* UIFindViewController.xib */; };
		4CF6EFC01BDF6EF900CC5BA7 /* UICenterViewController.swift in Sources */ = {isa = PBXBuildFile; fileRef = 4CF6EFBE1BDF6EF900CC5BA7 /* UICenterViewController.swift */; };
		4CF6EFC11BDF6EF900CC5BA7 /* UICenterViewController.xib in Resources */ = {isa = PBXBuildFile; fileRef = 4CF6EFBF1BDF6EF900CC5BA7 /* UICenterViewController.xib */; };
		4CF6EFC41BDF6F6600CC5BA7 /* UILoginViewController.swift in Sources */ = {isa = PBXBuildFile; fileRef = 4CF6EFC21BDF6F6600CC5BA7 /* UILoginViewController.swift */; };
		4CF6EFC51BDF6F6600CC5BA7 /* UILoginViewController.xib in Resources */ = {isa = PBXBuildFile; fileRef = 4CF6EFC31BDF6F6600CC5BA7 /* UILoginViewController.xib */; };
		4CF6EFC81BDF6F7700CC5BA7 /* UIRegistViewController.swift in Sources */ = {isa = PBXBuildFile; fileRef = 4CF6EFC61BDF6F7700CC5BA7 /* UIRegistViewController.swift */; };
		4CF6EFC91BDF6F7700CC5BA7 /* UIRegistViewController.xib in Resources */ = {isa = PBXBuildFile; fileRef = 4CF6EFC71BDF6F7700CC5BA7 /* UIRegistViewController.xib */; };
		4CF6EFCC1BDF6F9700CC5BA7 /* UIEnterViewController.swift in Sources */ = {isa = PBXBuildFile; fileRef = 4CF6EFCA1BDF6F9700CC5BA7 /* UIEnterViewController.swift */; };
		4CF6EFCD1BDF6F9700CC5BA7 /* UIEnterViewController.xib in Resources */ = {isa = PBXBuildFile; fileRef = 4CF6EFCB1BDF6F9700CC5BA7 /* UIEnterViewController.xib */; };
		4CF6EFD01BDF6FE700CC5BA7 /* UIForgetPWViewController.swift in Sources */ = {isa = PBXBuildFile; fileRef = 4CF6EFCE1BDF6FE700CC5BA7 /* UIForgetPWViewController.swift */; };
		4CF6EFD11BDF6FE700CC5BA7 /* UIForgetPWViewController.xib in Resources */ = {isa = PBXBuildFile; fileRef = 4CF6EFCF1BDF6FE700CC5BA7 /* UIForgetPWViewController.xib */; };
		4CF6EFD31BDF70C400CC5BA7 /* NSUserInfoObject.swift in Sources */ = {isa = PBXBuildFile; fileRef = 4CF6EFD21BDF70C400CC5BA7 /* NSUserInfoObject.swift */; };
		4CF6EFD61BE260F400CC5BA7 /* UIBaseTabBar.swift in Sources */ = {isa = PBXBuildFile; fileRef = 4CF6EFD51BE260F400CC5BA7 /* UIBaseTabBar.swift */; };
/* End PBXBuildFile section */

/* Begin PBXContainerItemProxy section */
		4CF6EF6F1BDCA47600CC5BA7 /* PBXContainerItemProxy */ = {
			isa = PBXContainerItemProxy;
			containerPortal = 4CF6EF521BDCA47600CC5BA7 /* Project object */;
			proxyType = 1;
			remoteGlobalIDString = 4CF6EF591BDCA47600CC5BA7;
			remoteInfo = BabyLink;
		};
		4CF6EF7A1BDCA47600CC5BA7 /* PBXContainerItemProxy */ = {
			isa = PBXContainerItemProxy;
			containerPortal = 4CF6EF521BDCA47600CC5BA7 /* Project object */;
			proxyType = 1;
			remoteGlobalIDString = 4CF6EF591BDCA47600CC5BA7;
			remoteInfo = BabyLink;
		};
/* End PBXContainerItemProxy section */

/* Begin PBXFileReference section */
		4C07BB4D1BE5CF41003E799B /* UIAgreementViewController.swift */ = {isa = PBXFileReference; fileEncoding = 4; lastKnownFileType = sourcecode.swift; path = UIAgreementViewController.swift; sourceTree = "<group>"; };
		4C07BB4E1BE5CF41003E799B /* UIAgreementViewController.xib */ = {isa = PBXFileReference; fileEncoding = 4; lastKnownFileType = file.xib; path = UIAgreementViewController.xib; sourceTree = "<group>"; };
		4C07BB511BE5F433003E799B /* UIFullInfoViewController.swift */ = {isa = PBXFileReference; fileEncoding = 4; lastKnownFileType = sourcecode.swift; path = UIFullInfoViewController.swift; sourceTree = "<group>"; };
		4C07BB521BE5F433003E799B /* UIFullInfoViewController.xib */ = {isa = PBXFileReference; fileEncoding = 4; lastKnownFileType = file.xib; path = UIFullInfoViewController.xib; sourceTree = "<group>"; };
		4C07BB551BE5F445003E799B /* UIFirstInfoViewController.swift */ = {isa = PBXFileReference; fileEncoding = 4; lastKnownFileType = sourcecode.swift; path = UIFirstInfoViewController.swift; sourceTree = "<group>"; };
		4C07BB561BE5F445003E799B /* UIFirstInfoViewController.xib */ = {isa = PBXFileReference; fileEncoding = 4; lastKnownFileType = file.xib; path = UIFirstInfoViewController.xib; sourceTree = "<group>"; };
		4C07BB591BE5F456003E799B /* UISecondInfoViewController.swift */ = {isa = PBXFileReference; fileEncoding = 4; lastKnownFileType = sourcecode.swift; path = UISecondInfoViewController.swift; sourceTree = "<group>"; };
		4C07BB5A1BE5F456003E799B /* UISecondInfoViewController.xib */ = {isa = PBXFileReference; fileEncoding = 4; lastKnownFileType = file.xib; path = UISecondInfoViewController.xib; sourceTree = "<group>"; };
		4C07BB5D1BE60769003E799B /* UICenterTableViewCell.swift */ = {isa = PBXFileReference; fileEncoding = 4; lastKnownFileType = sourcecode.swift; path = UICenterTableViewCell.swift; sourceTree = "<group>"; };
		4C07BB5E1BE60769003E799B /* UICenterTableViewCell.xib */ = {isa = PBXFileReference; fileEncoding = 4; lastKnownFileType = file.xib; path = UICenterTableViewCell.xib; sourceTree = "<group>"; };
		4CA2A8341BE9C4BF0094A6FC /* UIActivityTableViewCell.swift */ = {isa = PBXFileReference; fileEncoding = 4; lastKnownFileType = sourcecode.swift; path = UIActivityTableViewCell.swift; sourceTree = "<group>"; };
		4CA2A8351BE9C4BF0094A6FC /* UIActivityTableViewCell.xib */ = {isa = PBXFileReference; fileEncoding = 4; lastKnownFileType = file.xib; path = UIActivityTableViewCell.xib; sourceTree = "<group>"; };
		4CA2A8381BE9C4D70094A6FC /* UITopicTableViewCell.swift */ = {isa = PBXFileReference; fileEncoding = 4; lastKnownFileType = sourcecode.swift; path = UITopicTableViewCell.swift; sourceTree = "<group>"; };
		4CA2A8391BE9C4D70094A6FC /* UITopicTableViewCell.xib */ = {isa = PBXFileReference; fileEncoding = 4; lastKnownFileType = file.xib; path = UITopicTableViewCell.xib; sourceTree = "<group>"; };
		4CA2A83C1BE9C57B0094A6FC /* UIExchangeTableViewCell.swift */ = {isa = PBXFileReference; fileEncoding = 4; lastKnownFileType = sourcecode.swift; path = UIExchangeTableViewCell.swift; sourceTree = "<group>"; };
		4CA2A83D1BE9C57B0094A6FC /* UIExchangeTableViewCell.xib */ = {isa = PBXFileReference; fileEncoding = 4; lastKnownFileType = file.xib; path = UIExchangeTableViewCell.xib; sourceTree = "<group>"; };
		4CA2A84B1BEA40C20094A6FC /* UIButton+CustomStyle.h */ = {isa = PBXFileReference; fileEncoding = 4; lastKnownFileType = sourcecode.c.h; path = "UIButton+CustomStyle.h"; sourceTree = "<group>"; };
		4CA2A84C1BEA40C20094A6FC /* UIButton+CustomStyle.m */ = {isa = PBXFileReference; fileEncoding = 4; lastKnownFileType = sourcecode.c.objc; path = "UIButton+CustomStyle.m"; sourceTree = "<group>"; };
		4CA2A8501BEA43ED0094A6FC /* PublicHeader.h */ = {isa = PBXFileReference; fileEncoding = 4; lastKnownFileType = sourcecode.c.h; path = PublicHeader.h; sourceTree = "<group>"; };
		4CA2A8521BEA456D0094A6FC /* UIImage+SingleColor.h */ = {isa = PBXFileReference; fileEncoding = 4; lastKnownFileType = sourcecode.c.h; path = "UIImage+SingleColor.h"; sourceTree = "<group>"; };
		4CA2A8531BEA456D0094A6FC /* UIImage+SingleColor.m */ = {isa = PBXFileReference; fileEncoding = 4; lastKnownFileType = sourcecode.c.objc; path = "UIImage+SingleColor.m"; sourceTree = "<group>"; };
		4CA2A8551BEA46AF0094A6FC /* PrefixHeader.pch */ = {isa = PBXFileReference; fileEncoding = 4; lastKnownFileType = sourcecode.c.h; path = PrefixHeader.pch; sourceTree = "<group>"; };
		4CA2A8561BEA49880094A6FC /* UIActivityCollectionViewCell.swift */ = {isa = PBXFileReference; fileEncoding = 4; lastKnownFileType = sourcecode.swift; path = UIActivityCollectionViewCell.swift; sourceTree = "<group>"; };
		4CA2A8571BEA49880094A6FC /* UIActivityCollectionViewCell.xib */ = {isa = PBXFileReference; fileEncoding = 4; lastKnownFileType = file.xib; path = UIActivityCollectionViewCell.xib; sourceTree = "<group>"; };
		4CA2A85A1BEA4B680094A6FC /* UIActivityView.swift */ = {isa = PBXFileReference; fileEncoding = 4; lastKnownFileType = sourcecode.swift; path = UIActivityView.swift; sourceTree = "<group>"; };
		4CA2A85C1BEA4B750094A6FC /* UIActivityView.xib */ = {isa = PBXFileReference; fileEncoding = 4; lastKnownFileType = file.xib; path = UIActivityView.xib; sourceTree = "<group>"; };
		4CA2A85E1BEA4B970094A6FC /* UITopicView.swift */ = {isa = PBXFileReference; fileEncoding = 4; lastKnownFileType = sourcecode.swift; path = UITopicView.swift; sourceTree = "<group>"; };
		4CA2A8601BEA4BA90094A6FC /* UITopicView.xib */ = {isa = PBXFileReference; fileEncoding = 4; lastKnownFileType = file.xib; path = UITopicView.xib; sourceTree = "<group>"; };
		4CA2A8621BEA4BC00094A6FC /* UIExchangeView.xib */ = {isa = PBXFileReference; fileEncoding = 4; lastKnownFileType = file.xib; path = UIExchangeView.xib; sourceTree = "<group>"; };
		4CA2A8641BEA4BCD0094A6FC /* UIExchangeView.swift */ = {isa = PBXFileReference; fileEncoding = 4; lastKnownFileType = sourcecode.swift; path = UIExchangeView.swift; sourceTree = "<group>"; };
		4CA2A8661BEA58E70094A6FC /* UIJoinViewController.swift */ = {isa = PBXFileReference; fileEncoding = 4; lastKnownFileType = sourcecode.swift; path = UIJoinViewController.swift; sourceTree = "<group>"; };
		4CA2A8671BEA58E70094A6FC /* UIJoinViewController.xib */ = {isa = PBXFileReference; fileEncoding = 4; lastKnownFileType = file.xib; path = UIJoinViewController.xib; sourceTree = "<group>"; };
		4CA2A86A1BEA58F90094A6FC /* UIActivityInfoViewController.swift */ = {isa = PBXFileReference; fileEncoding = 4; lastKnownFileType = sourcecode.swift; path = UIActivityInfoViewController.swift; sourceTree = "<group>"; };
		4CA2A86B1BEA58F90094A6FC /* UIActivityInfoViewController.xib */ = {isa = PBXFileReference; fileEncoding = 4; lastKnownFileType = file.xib; path = UIActivityInfoViewController.xib; sourceTree = "<group>"; };
		4CA2A86E1BEAE8D50094A6FC /* UIActivityInfoFirstTableViewCell.swift */ = {isa = PBXFileReference; fileEncoding = 4; lastKnownFileType = sourcecode.swift; path = UIActivityInfoFirstTableViewCell.swift; sourceTree = "<group>"; };
		4CA2A86F1BEAE8D50094A6FC /* UIActivityInfoFirstTableViewCell.xib */ = {isa = PBXFileReference; fileEncoding = 4; lastKnownFileType = file.xib; path = UIActivityInfoFirstTableViewCell.xib; sourceTree = "<group>"; };
		4CA2A8721BEAE8E80094A6FC /* UIActivityInfoSecondTableViewCell.swift */ = {isa = PBXFileReference; fileEncoding = 4; lastKnownFileType = sourcecode.swift; path = UIActivityInfoSecondTableViewCell.swift; sourceTree = "<group>"; };
		4CA2A8731BEAE8E80094A6FC /* UIActivityInfoSecondTableViewCell.xib */ = {isa = PBXFileReference; fileEncoding = 4; lastKnownFileType = file.xib; path = UIActivityInfoSecondTableViewCell.xib; sourceTree = "<group>"; };
		4CA2A8761BEAE9150094A6FC /* UIActivityInfoThirdTableViewCell.swift */ = {isa = PBXFileReference; fileEncoding = 4; lastKnownFileType = sourcecode.swift; path = UIActivityInfoThirdTableViewCell.swift; sourceTree = "<group>"; };
		4CA2A8771BEAE9150094A6FC /* UIActivityInfoThirdTableViewCell.xib */ = {isa = PBXFileReference; fileEncoding = 4; lastKnownFileType = file.xib; path = UIActivityInfoThirdTableViewCell.xib; sourceTree = "<group>"; };
		4CA2A87A1BEAE93B0094A6FC /* UIActivityInfoForthTableViewCell.swift */ = {isa = PBXFileReference; fileEncoding = 4; lastKnownFileType = sourcecode.swift; path = UIActivityInfoForthTableViewCell.swift; sourceTree = "<group>"; };
		4CA2A87B1BEAE93B0094A6FC /* UIActivityInfoForthTableViewCell.xib */ = {isa = PBXFileReference; fileEncoding = 4; lastKnownFileType = file.xib; path = UIActivityInfoForthTableViewCell.xib; sourceTree = "<group>"; };
		4CA2A87E1BEAE9520094A6FC /* UIActivityInfoFifthTableViewCell.swift */ = {isa = PBXFileReference; fileEncoding = 4; lastKnownFileType = sourcecode.swift; path = UIActivityInfoFifthTableViewCell.swift; sourceTree = "<group>"; };
		4CA2A87F1BEAE9520094A6FC /* UIActivityInfoFifthTableViewCell.xib */ = {isa = PBXFileReference; fileEncoding = 4; lastKnownFileType = file.xib; path = UIActivityInfoFifthTableViewCell.xib; sourceTree = "<group>"; };
		4CA59AC41BE79B3300C614FC /* UIChooseAddressViewController.swift */ = {isa = PBXFileReference; fileEncoding = 4; lastKnownFileType = sourcecode.swift; path = UIChooseAddressViewController.swift; sourceTree = "<group>"; };
		4CA59AC51BE79B3300C614FC /* UIChooseAddressViewController.xib */ = {isa = PBXFileReference; fileEncoding = 4; lastKnownFileType = file.xib; path = UIChooseAddressViewController.xib; sourceTree = "<group>"; };
		4CA59AC91BE7B07600C614FC /* UILocalNavigationView.swift */ = {isa = PBXFileReference; fileEncoding = 4; lastKnownFileType = sourcecode.swift; path = UILocalNavigationView.swift; sourceTree = "<group>"; };
		4CA59ACB1BE7B08400C614FC /* UILocalNavigationView.xib */ = {isa = PBXFileReference; fileEncoding = 4; lastKnownFileType = file.xib; path = UILocalNavigationView.xib; sourceTree = "<group>"; };
		4CA59ACD1BE85B5C00C614FC /* UIShowNavigationView.swift */ = {isa = PBXFileReference; fileEncoding = 4; lastKnownFileType = sourcecode.swift; path = UIShowNavigationView.swift; sourceTree = "<group>"; };
		4CA59ACF1BE85B6800C614FC /* UIShowNavigationView.xib */ = {isa = PBXFileReference; fileEncoding = 4; lastKnownFileType = file.xib; path = UIShowNavigationView.xib; sourceTree = "<group>"; };
		4CF6EF5A1BDCA47600CC5BA7 /* BabyLink.app */ = {isa = PBXFileReference; explicitFileType = wrapper.application; includeInIndex = 0; path = BabyLink.app; sourceTree = BUILT_PRODUCTS_DIR; };
		4CF6EF5D1BDCA47600CC5BA7 /* AppDelegate.swift */ = {isa = PBXFileReference; lastKnownFileType = sourcecode.swift; path = AppDelegate.swift; sourceTree = "<group>"; };
		4CF6EF5F1BDCA47600CC5BA7 /* ViewController.swift */ = {isa = PBXFileReference; lastKnownFileType = sourcecode.swift; path = ViewController.swift; sourceTree = "<group>"; };
		4CF6EF621BDCA47600CC5BA7 /* Base */ = {isa = PBXFileReference; lastKnownFileType = file.storyboard; name = Base; path = Base.lproj/Main.storyboard; sourceTree = "<group>"; };
		4CF6EF641BDCA47600CC5BA7 /* Assets.xcassets */ = {isa = PBXFileReference; lastKnownFileType = folder.assetcatalog; path = Assets.xcassets; sourceTree = "<group>"; };
		4CF6EF671BDCA47600CC5BA7 /* Base */ = {isa = PBXFileReference; lastKnownFileType = file.storyboard; name = Base; path = Base.lproj/LaunchScreen.storyboard; sourceTree = "<group>"; };
		4CF6EF691BDCA47600CC5BA7 /* Info.plist */ = {isa = PBXFileReference; lastKnownFileType = text.plist.xml; path = Info.plist; sourceTree = "<group>"; };
		4CF6EF6E1BDCA47600CC5BA7 /* BabyLinkTests.xctest */ = {isa = PBXFileReference; explicitFileType = wrapper.cfbundle; includeInIndex = 0; path = BabyLinkTests.xctest; sourceTree = BUILT_PRODUCTS_DIR; };
		4CF6EF721BDCA47600CC5BA7 /* BabyLinkTests.swift */ = {isa = PBXFileReference; lastKnownFileType = sourcecode.swift; path = BabyLinkTests.swift; sourceTree = "<group>"; };
		4CF6EF741BDCA47600CC5BA7 /* Info.plist */ = {isa = PBXFileReference; lastKnownFileType = text.plist.xml; path = Info.plist; sourceTree = "<group>"; };
		4CF6EF791BDCA47600CC5BA7 /* BabyLinkUITests.xctest */ = {isa = PBXFileReference; explicitFileType = wrapper.cfbundle; includeInIndex = 0; path = BabyLinkUITests.xctest; sourceTree = BUILT_PRODUCTS_DIR; };
		4CF6EF7D1BDCA47600CC5BA7 /* BabyLinkUITests.swift */ = {isa = PBXFileReference; lastKnownFileType = sourcecode.swift; path = BabyLinkUITests.swift; sourceTree = "<group>"; };
		4CF6EF7F1BDCA47600CC5BA7 /* Info.plist */ = {isa = PBXFileReference; lastKnownFileType = text.plist.xml; path = Info.plist; sourceTree = "<group>"; };
		4CF6EFA01BDE5A2600CC5BA7 /* UIBaseNavViewController.swift */ = {isa = PBXFileReference; fileEncoding = 4; lastKnownFileType = sourcecode.swift; path = UIBaseNavViewController.swift; sourceTree = "<group>"; };
		4CF6EFA11BDE5A2600CC5BA7 /* UIBaseNavViewController.xib */ = {isa = PBXFileReference; fileEncoding = 4; lastKnownFileType = file.xib; path = UIBaseNavViewController.xib; sourceTree = "<group>"; };
		4CF6EFA41BDE5A4700CC5BA7 /* UIBaseTabBarController.swift */ = {isa = PBXFileReference; fileEncoding = 4; lastKnownFileType = sourcecode.swift; path = UIBaseTabBarController.swift; sourceTree = "<group>"; };
		4CF6EFA51BDE5A4700CC5BA7 /* UIBaseTabBarController.xib */ = {isa = PBXFileReference; fileEncoding = 4; lastKnownFileType = file.xib; path = UIBaseTabBarController.xib; sourceTree = "<group>"; };
		4CF6EFA81BDF50E800CC5BA7 /* BabyLink-Bridging-Header.h */ = {isa = PBXFileReference; lastKnownFileType = sourcecode.c.h; name = "BabyLink-Bridging-Header.h"; path = "../Class/base/BabyLink-Bridging-Header.h"; sourceTree = "<group>"; };
		4CF6EFA91BDF50E900CC5BA7 /* UIBridgeViewController.h */ = {isa = PBXFileReference; fileEncoding = 4; lastKnownFileType = sourcecode.c.h; path = UIBridgeViewController.h; sourceTree = "<group>"; };
		4CF6EFAA1BDF50E900CC5BA7 /* UIBridgeViewController.m */ = {isa = PBXFileReference; fileEncoding = 4; lastKnownFileType = sourcecode.c.objc; path = UIBridgeViewController.m; sourceTree = "<group>"; };
		4CF6EFAB1BDF50E900CC5BA7 /* UIBridgeViewController.xib */ = {isa = PBXFileReference; fileEncoding = 4; lastKnownFileType = file.xib; path = UIBridgeViewController.xib; sourceTree = "<group>"; };
		4CF6EFAE1BDF512B00CC5BA7 /* UIBaseViewController.swift */ = {isa = PBXFileReference; fileEncoding = 4; lastKnownFileType = sourcecode.swift; path = UIBaseViewController.swift; sourceTree = "<group>"; };
		4CF6EFAF1BDF512B00CC5BA7 /* UIBaseViewController.xib */ = {isa = PBXFileReference; fileEncoding = 4; lastKnownFileType = file.xib; path = UIBaseViewController.xib; sourceTree = "<group>"; };
		4CF6EFB21BDF68AD00CC5BA7 /* UILocalViewController.swift */ = {isa = PBXFileReference; fileEncoding = 4; lastKnownFileType = sourcecode.swift; path = UILocalViewController.swift; sourceTree = "<group>"; };
		4CF6EFB31BDF68AD00CC5BA7 /* UILocalViewController.xib */ = {isa = PBXFileReference; fileEncoding = 4; lastKnownFileType = file.xib; path = UILocalViewController.xib; sourceTree = "<group>"; };
		4CF6EFB61BDF6ED000CC5BA7 /* UIShowViewController.swift */ = {isa = PBXFileReference; fileEncoding = 4; lastKnownFileType = sourcecode.swift; path = UIShowViewController.swift; sourceTree = "<group>"; };
		4CF6EFB71BDF6ED000CC5BA7 /* UIShowViewController.xib */ = {isa = PBXFileReference; fileEncoding = 4; lastKnownFileType = file.xib; path = UIShowViewController.xib; sourceTree = "<group>"; };
		4CF6EFBA1BDF6EE300CC5BA7 /* UIFindViewController.swift */ = {isa = PBXFileReference; fileEncoding = 4; lastKnownFileType = sourcecode.swift; path = UIFindViewController.swift; sourceTree = "<group>"; };
		4CF6EFBB1BDF6EE300CC5BA7 /* UIFindViewController.xib */ = {isa = PBXFileReference; fileEncoding = 4; lastKnownFileType = file.xib; path = UIFindViewController.xib; sourceTree = "<group>"; };
		4CF6EFBE1BDF6EF900CC5BA7 /* UICenterViewController.swift */ = {isa = PBXFileReference; fileEncoding = 4; lastKnownFileType = sourcecode.swift; path = UICenterViewController.swift; sourceTree = "<group>"; };
		4CF6EFBF1BDF6EF900CC5BA7 /* UICenterViewController.xib */ = {isa = PBXFileReference; fileEncoding = 4; lastKnownFileType = file.xib; path = UICenterViewController.xib; sourceTree = "<group>"; };
		4CF6EFC21BDF6F6600CC5BA7 /* UILoginViewController.swift */ = {isa = PBXFileReference; fileEncoding = 4; lastKnownFileType = sourcecode.swift; path = UILoginViewController.swift; sourceTree = "<group>"; };
		4CF6EFC31BDF6F6600CC5BA7 /* UILoginViewController.xib */ = {isa = PBXFileReference; fileEncoding = 4; lastKnownFileType = file.xib; path = UILoginViewController.xib; sourceTree = "<group>"; };
		4CF6EFC61BDF6F7700CC5BA7 /* UIRegistViewController.swift */ = {isa = PBXFileReference; fileEncoding = 4; lastKnownFileType = sourcecode.swift; path = UIRegistViewController.swift; sourceTree = "<group>"; };
		4CF6EFC71BDF6F7700CC5BA7 /* UIRegistViewController.xib */ = {isa = PBXFileReference; fileEncoding = 4; lastKnownFileType = file.xib; path = UIRegistViewController.xib; sourceTree = "<group>"; };
		4CF6EFCA1BDF6F9700CC5BA7 /* UIEnterViewController.swift */ = {isa = PBXFileReference; fileEncoding = 4; lastKnownFileType = sourcecode.swift; path = UIEnterViewController.swift; sourceTree = "<group>"; };
		4CF6EFCB1BDF6F9700CC5BA7 /* UIEnterViewController.xib */ = {isa = PBXFileReference; fileEncoding = 4; lastKnownFileType = file.xib; path = UIEnterViewController.xib; sourceTree = "<group>"; };
		4CF6EFCE1BDF6FE700CC5BA7 /* UIForgetPWViewController.swift */ = {isa = PBXFileReference; fileEncoding = 4; lastKnownFileType = sourcecode.swift; path = UIForgetPWViewController.swift; sourceTree = "<group>"; };
		4CF6EFCF1BDF6FE700CC5BA7 /* UIForgetPWViewController.xib */ = {isa = PBXFileReference; fileEncoding = 4; lastKnownFileType = file.xib; path = UIForgetPWViewController.xib; sourceTree = "<group>"; };
		4CF6EFD21BDF70C400CC5BA7 /* NSUserInfoObject.swift */ = {isa = PBXFileReference; fileEncoding = 4; lastKnownFileType = sourcecode.swift; path = NSUserInfoObject.swift; sourceTree = "<group>"; };
		4CF6EFD51BE260F400CC5BA7 /* UIBaseTabBar.swift */ = {isa = PBXFileReference; fileEncoding = 4; lastKnownFileType = sourcecode.swift; path = UIBaseTabBar.swift; sourceTree = "<group>"; };
/* End PBXFileReference section */

/* Begin PBXFrameworksBuildPhase section */
		4CF6EF571BDCA47600CC5BA7 /* Frameworks */ = {
			isa = PBXFrameworksBuildPhase;
			buildActionMask = 2147483647;
			files = (
			);
			runOnlyForDeploymentPostprocessing = 0;
		};
		4CF6EF6B1BDCA47600CC5BA7 /* Frameworks */ = {
			isa = PBXFrameworksBuildPhase;
			buildActionMask = 2147483647;
			files = (
			);
			runOnlyForDeploymentPostprocessing = 0;
		};
		4CF6EF761BDCA47600CC5BA7 /* Frameworks */ = {
			isa = PBXFrameworksBuildPhase;
			buildActionMask = 2147483647;
			files = (
			);
			runOnlyForDeploymentPostprocessing = 0;
		};
/* End PBXFrameworksBuildPhase section */

/* Begin PBXGroup section */
		4CA2A84E1BEA43B50094A6FC /* Header */ = {
			isa = PBXGroup;
			children = (
				4CF6EFA81BDF50E800CC5BA7 /* BabyLink-Bridging-Header.h */,
				4CA2A8501BEA43ED0094A6FC /* PublicHeader.h */,
				4CA2A8551BEA46AF0094A6FC /* PrefixHeader.pch */,
			);
			path = Header;
			sourceTree = "<group>";
		};
		4CA2A84F1BEA43BA0094A6FC /* App */ = {
			isa = PBXGroup;
			children = (
				4CF6EF5D1BDCA47600CC5BA7 /* AppDelegate.swift */,
				4CF6EF5F1BDCA47600CC5BA7 /* ViewController.swift */,
				4CF6EF611BDCA47600CC5BA7 /* Main.storyboard */,
			);
			name = App;
			sourceTree = "<group>";
		};
		4CA59AC81BE7A95C00C614FC /* Category */ = {
			isa = PBXGroup;
			children = (
				4CA2A84B1BEA40C20094A6FC /* UIButton+CustomStyle.h */,
				4CA2A84C1BEA40C20094A6FC /* UIButton+CustomStyle.m */,
				4CA2A8521BEA456D0094A6FC /* UIImage+SingleColor.h */,
				4CA2A8531BEA456D0094A6FC /* UIImage+SingleColor.m */,
			);
			path = Category;
			sourceTree = "<group>";
		};
		4CF6EF511BDCA47600CC5BA7 = {
			isa = PBXGroup;
			children = (
				4CF6EF5C1BDCA47600CC5BA7 /* BabyLink */,
				4CF6EF711BDCA47600CC5BA7 /* BabyLinkTests */,
				4CF6EF7C1BDCA47600CC5BA7 /* BabyLinkUITests */,
				4CF6EF5B1BDCA47600CC5BA7 /* Products */,
			);
			sourceTree = "<group>";
		};
		4CF6EF5B1BDCA47600CC5BA7 /* Products */ = {
			isa = PBXGroup;
			children = (
				4CF6EF5A1BDCA47600CC5BA7 /* BabyLink.app */,
				4CF6EF6E1BDCA47600CC5BA7 /* BabyLinkTests.xctest */,
				4CF6EF791BDCA47600CC5BA7 /* BabyLinkUITests.xctest */,
			);
			name = Products;
			sourceTree = "<group>";
		};
		4CF6EF5C1BDCA47600CC5BA7 /* BabyLink */ = {
			isa = PBXGroup;
			children = (
				4CA2A84F1BEA43BA0094A6FC /* App */,
				4CA2A84E1BEA43B50094A6FC /* Header */,
				4CA59AC81BE7A95C00C614FC /* Category */,
				4CF6EF8B1BDE58D300CC5BA7 /* Class */,
				4CF6EF911BDE58D300CC5BA7 /* globalParams */,
				4CF6EF921BDE58D300CC5BA7 /* Library */,
				4CF6EF931BDE58D300CC5BA7 /* Model */,
				4CF6EF991BDE58D300CC5BA7 /* Views */,
				4CF6EF641BDCA47600CC5BA7 /* Assets.xcassets */,
				4CF6EF661BDCA47600CC5BA7 /* LaunchScreen.storyboard */,
				4CF6EF691BDCA47600CC5BA7 /* Info.plist */,
			);
			path = BabyLink;
			sourceTree = "<group>";
		};
		4CF6EF711BDCA47600CC5BA7 /* BabyLinkTests */ = {
			isa = PBXGroup;
			children = (
				4CF6EF721BDCA47600CC5BA7 /* BabyLinkTests.swift */,
				4CF6EF741BDCA47600CC5BA7 /* Info.plist */,
			);
			path = BabyLinkTests;
			sourceTree = "<group>";
		};
		4CF6EF7C1BDCA47600CC5BA7 /* BabyLinkUITests */ = {
			isa = PBXGroup;
			children = (
				4CF6EF7D1BDCA47600CC5BA7 /* BabyLinkUITests.swift */,
				4CF6EF7F1BDCA47600CC5BA7 /* Info.plist */,
			);
			path = BabyLinkUITests;
			sourceTree = "<group>";
		};
		4CF6EF8B1BDE58D300CC5BA7 /* Class */ = {
			isa = PBXGroup;
			children = (
				4CF6EF9F1BDE58F300CC5BA7 /* base */,
				4CF6EF8E1BDE58D300CC5BA7 /* local */,
				4CF6EF901BDE58D300CC5BA7 /* show */,
				4CF6EF8D1BDE58D300CC5BA7 /* find */,
				4CF6EF8C1BDE58D300CC5BA7 /* center */,
				4CF6EF8F1BDE58D300CC5BA7 /* login */,
			);
			path = Class;
			sourceTree = "<group>";
		};
		4CF6EF8C1BDE58D300CC5BA7 /* center */ = {
			isa = PBXGroup;
			children = (
				4CF6EFBE1BDF6EF900CC5BA7 /* UICenterViewController.swift */,
				4CF6EFBF1BDF6EF900CC5BA7 /* UICenterViewController.xib */,
			);
			path = center;
			sourceTree = "<group>";
		};
		4CF6EF8D1BDE58D300CC5BA7 /* find */ = {
			isa = PBXGroup;
			children = (
				4CF6EFBA1BDF6EE300CC5BA7 /* UIFindViewController.swift */,
				4CF6EFBB1BDF6EE300CC5BA7 /* UIFindViewController.xib */,
			);
			path = find;
			sourceTree = "<group>";
		};
		4CF6EF8E1BDE58D300CC5BA7 /* local */ = {
			isa = PBXGroup;
			children = (
				4CF6EFB21BDF68AD00CC5BA7 /* UILocalViewController.swift */,
				4CF6EFB31BDF68AD00CC5BA7 /* UILocalViewController.xib */,
				4CA2A85A1BEA4B680094A6FC /* UIActivityView.swift */,
				4CA2A85C1BEA4B750094A6FC /* UIActivityView.xib */,
				4CA2A85E1BEA4B970094A6FC /* UITopicView.swift */,
				4CA2A8601BEA4BA90094A6FC /* UITopicView.xib */,
				4CA2A8641BEA4BCD0094A6FC /* UIExchangeView.swift */,
				4CA2A8621BEA4BC00094A6FC /* UIExchangeView.xib */,
				4CA2A8661BEA58E70094A6FC /* UIJoinViewController.swift */,
				4CA2A8671BEA58E70094A6FC /* UIJoinViewController.xib */,
				4CA2A86A1BEA58F90094A6FC /* UIActivityInfoViewController.swift */,
				4CA2A86B1BEA58F90094A6FC /* UIActivityInfoViewController.xib */,
			);
			path = local;
			sourceTree = "<group>";
		};
		4CF6EF8F1BDE58D300CC5BA7 /* login */ = {
			isa = PBXGroup;
			children = (
				4CF6EFCA1BDF6F9700CC5BA7 /* UIEnterViewController.swift */,
				4CF6EFCB1BDF6F9700CC5BA7 /* UIEnterViewController.xib */,
				4CF6EFC21BDF6F6600CC5BA7 /* UILoginViewController.swift */,
				4CF6EFC31BDF6F6600CC5BA7 /* UILoginViewController.xib */,
				4CF6EFC61BDF6F7700CC5BA7 /* UIRegistViewController.swift */,
				4CF6EFC71BDF6F7700CC5BA7 /* UIRegistViewController.xib */,
				4CF6EFCE1BDF6FE700CC5BA7 /* UIForgetPWViewController.swift */,
				4CF6EFCF1BDF6FE700CC5BA7 /* UIForgetPWViewController.xib */,
				4C07BB4D1BE5CF41003E799B /* UIAgreementViewController.swift */,
				4C07BB4E1BE5CF41003E799B /* UIAgreementViewController.xib */,
				4C07BB511BE5F433003E799B /* UIFullInfoViewController.swift */,
				4C07BB521BE5F433003E799B /* UIFullInfoViewController.xib */,
				4C07BB551BE5F445003E799B /* UIFirstInfoViewController.swift */,
				4C07BB561BE5F445003E799B /* UIFirstInfoViewController.xib */,
				4C07BB591BE5F456003E799B /* UISecondInfoViewController.swift */,
				4C07BB5A1BE5F456003E799B /* UISecondInfoViewController.xib */,
				4CA59AC41BE79B3300C614FC /* UIChooseAddressViewController.swift */,
				4CA59AC51BE79B3300C614FC /* UIChooseAddressViewController.xib */,
			);
			path = login;
			sourceTree = "<group>";
		};
		4CF6EF901BDE58D300CC5BA7 /* show */ = {
			isa = PBXGroup;
			children = (
				4CF6EFB61BDF6ED000CC5BA7 /* UIShowViewController.swift */,
				4CF6EFB71BDF6ED000CC5BA7 /* UIShowViewController.xib */,
			);
			path = show;
			sourceTree = "<group>";
		};
		4CF6EF911BDE58D300CC5BA7 /* globalParams */ = {
			isa = PBXGroup;
			children = (
				4CF6EFD21BDF70C400CC5BA7 /* NSUserInfoObject.swift */,
			);
			path = globalParams;
			sourceTree = "<group>";
		};
		4CF6EF921BDE58D300CC5BA7 /* Library */ = {
			isa = PBXGroup;
			children = (
			);
			path = Library;
			sourceTree = "<group>";
		};
		4CF6EF931BDE58D300CC5BA7 /* Model */ = {
			isa = PBXGroup;
			children = (
				4CF6EF941BDE58D300CC5BA7 /* centerModel */,
				4CF6EF951BDE58D300CC5BA7 /* findModel */,
				4CF6EF961BDE58D300CC5BA7 /* localModel */,
				4CF6EF971BDE58D300CC5BA7 /* loginModel */,
				4CF6EF981BDE58D300CC5BA7 /* showModel */,
			);
			path = Model;
			sourceTree = "<group>";
		};
		4CF6EF941BDE58D300CC5BA7 /* centerModel */ = {
			isa = PBXGroup;
			children = (
			);
			path = centerModel;
			sourceTree = "<group>";
		};
		4CF6EF951BDE58D300CC5BA7 /* findModel */ = {
			isa = PBXGroup;
			children = (
			);
			path = findModel;
			sourceTree = "<group>";
		};
		4CF6EF961BDE58D300CC5BA7 /* localModel */ = {
			isa = PBXGroup;
			children = (
			);
			path = localModel;
			sourceTree = "<group>";
		};
		4CF6EF971BDE58D300CC5BA7 /* loginModel */ = {
			isa = PBXGroup;
			children = (
			);
			path = loginModel;
			sourceTree = "<group>";
		};
		4CF6EF981BDE58D300CC5BA7 /* showModel */ = {
			isa = PBXGroup;
			children = (
			);
			path = showModel;
			sourceTree = "<group>";
		};
		4CF6EF991BDE58D300CC5BA7 /* Views */ = {
			isa = PBXGroup;
			children = (
				4CF6EFD41BE06AC200CC5BA7 /* baseViews */,
				4CF6EF9A1BDE58D300CC5BA7 /* centerViews */,
				4CF6EF9B1BDE58D300CC5BA7 /* findViews */,
				4CF6EF9C1BDE58D300CC5BA7 /* localViews */,
				4CF6EF9D1BDE58D300CC5BA7 /* loginViews */,
				4CF6EF9E1BDE58D300CC5BA7 /* showViews */,
			);
			path = Views;
			sourceTree = "<group>";
		};
		4CF6EF9A1BDE58D300CC5BA7 /* centerViews */ = {
			isa = PBXGroup;
			children = (
				4C07BB5D1BE60769003E799B /* UICenterTableViewCell.swift */,
				4C07BB5E1BE60769003E799B /* UICenterTableViewCell.xib */,
			);
			path = centerViews;
			sourceTree = "<group>";
		};
		4CF6EF9B1BDE58D300CC5BA7 /* findViews */ = {
			isa = PBXGroup;
			children = (
			);
			path = findViews;
			sourceTree = "<group>";
		};
		4CF6EF9C1BDE58D300CC5BA7 /* localViews */ = {
			isa = PBXGroup;
			children = (
				4CA59AC91BE7B07600C614FC /* UILocalNavigationView.swift */,
				4CA59ACB1BE7B08400C614FC /* UILocalNavigationView.xib */,
				4CA2A8341BE9C4BF0094A6FC /* UIActivityTableViewCell.swift */,
				4CA2A8351BE9C4BF0094A6FC /* UIActivityTableViewCell.xib */,
				4CA2A8381BE9C4D70094A6FC /* UITopicTableViewCell.swift */,
				4CA2A8391BE9C4D70094A6FC /* UITopicTableViewCell.xib */,
				4CA2A83C1BE9C57B0094A6FC /* UIExchangeTableViewCell.swift */,
				4CA2A83D1BE9C57B0094A6FC /* UIExchangeTableViewCell.xib */,
				4CA2A8561BEA49880094A6FC /* UIActivityCollectionViewCell.swift */,
				4CA2A8571BEA49880094A6FC /* UIActivityCollectionViewCell.xib */,
				4CA2A86E1BEAE8D50094A6FC /* UIActivityInfoFirstTableViewCell.swift */,
				4CA2A86F1BEAE8D50094A6FC /* UIActivityInfoFirstTableViewCell.xib */,
				4CA2A8721BEAE8E80094A6FC /* UIActivityInfoSecondTableViewCell.swift */,
				4CA2A8731BEAE8E80094A6FC /* UIActivityInfoSecondTableViewCell.xib */,
				4CA2A8761BEAE9150094A6FC /* UIActivityInfoThirdTableViewCell.swift */,
				4CA2A8771BEAE9150094A6FC /* UIActivityInfoThirdTableViewCell.xib */,
				4CA2A87A1BEAE93B0094A6FC /* UIActivityInfoForthTableViewCell.swift */,
				4CA2A87B1BEAE93B0094A6FC /* UIActivityInfoForthTableViewCell.xib */,
				4CA2A87E1BEAE9520094A6FC /* UIActivityInfoFifthTableViewCell.swift */,
				4CA2A87F1BEAE9520094A6FC /* UIActivityInfoFifthTableViewCell.xib */,
			);
			path = localViews;
			sourceTree = "<group>";
		};
		4CF6EF9D1BDE58D300CC5BA7 /* loginViews */ = {
			isa = PBXGroup;
			children = (
			);
			path = loginViews;
			sourceTree = "<group>";
		};
		4CF6EF9E1BDE58D300CC5BA7 /* showViews */ = {
			isa = PBXGroup;
			children = (
				4CA59ACD1BE85B5C00C614FC /* UIShowNavigationView.swift */,
				4CA59ACF1BE85B6800C614FC /* UIShowNavigationView.xib */,
			);
			path = showViews;
			sourceTree = "<group>";
		};
		4CF6EF9F1BDE58F300CC5BA7 /* base */ = {
			isa = PBXGroup;
			children = (
				4CF6EFA01BDE5A2600CC5BA7 /* UIBaseNavViewController.swift */,
				4CF6EFA11BDE5A2600CC5BA7 /* UIBaseNavViewController.xib */,
				4CF6EFA41BDE5A4700CC5BA7 /* UIBaseTabBarController.swift */,
				4CF6EFA51BDE5A4700CC5BA7 /* UIBaseTabBarController.xib */,
				4CF6EFA91BDF50E900CC5BA7 /* UIBridgeViewController.h */,
				4CF6EFAA1BDF50E900CC5BA7 /* UIBridgeViewController.m */,
				4CF6EFAB1BDF50E900CC5BA7 /* UIBridgeViewController.xib */,
				4CF6EFAE1BDF512B00CC5BA7 /* UIBaseViewController.swift */,
				4CF6EFAF1BDF512B00CC5BA7 /* UIBaseViewController.xib */,
			);
			path = base;
			sourceTree = "<group>";
		};
		4CF6EFD41BE06AC200CC5BA7 /* baseViews */ = {
			isa = PBXGroup;
			children = (
				4CF6EFD51BE260F400CC5BA7 /* UIBaseTabBar.swift */,
			);
			path = baseViews;
			sourceTree = "<group>";
		};
/* End PBXGroup section */

/* Begin PBXNativeTarget section */
		4CF6EF591BDCA47600CC5BA7 /* BabyLink */ = {
			isa = PBXNativeTarget;
			buildConfigurationList = 4CF6EF821BDCA47600CC5BA7 /* Build configuration list for PBXNativeTarget "BabyLink" */;
			buildPhases = (
				4CF6EF561BDCA47600CC5BA7 /* Sources */,
				4CF6EF571BDCA47600CC5BA7 /* Frameworks */,
				4CF6EF581BDCA47600CC5BA7 /* Resources */,
			);
			buildRules = (
			);
			dependencies = (
			);
			name = BabyLink;
			productName = BabyLink;
			productReference = 4CF6EF5A1BDCA47600CC5BA7 /* BabyLink.app */;
			productType = "com.apple.product-type.application";
		};
		4CF6EF6D1BDCA47600CC5BA7 /* BabyLinkTests */ = {
			isa = PBXNativeTarget;
			buildConfigurationList = 4CF6EF851BDCA47600CC5BA7 /* Build configuration list for PBXNativeTarget "BabyLinkTests" */;
			buildPhases = (
				4CF6EF6A1BDCA47600CC5BA7 /* Sources */,
				4CF6EF6B1BDCA47600CC5BA7 /* Frameworks */,
				4CF6EF6C1BDCA47600CC5BA7 /* Resources */,
			);
			buildRules = (
			);
			dependencies = (
				4CF6EF701BDCA47600CC5BA7 /* PBXTargetDependency */,
			);
			name = BabyLinkTests;
			productName = BabyLinkTests;
			productReference = 4CF6EF6E1BDCA47600CC5BA7 /* BabyLinkTests.xctest */;
			productType = "com.apple.product-type.bundle.unit-test";
		};
		4CF6EF781BDCA47600CC5BA7 /* BabyLinkUITests */ = {
			isa = PBXNativeTarget;
			buildConfigurationList = 4CF6EF881BDCA47600CC5BA7 /* Build configuration list for PBXNativeTarget "BabyLinkUITests" */;
			buildPhases = (
				4CF6EF751BDCA47600CC5BA7 /* Sources */,
				4CF6EF761BDCA47600CC5BA7 /* Frameworks */,
				4CF6EF771BDCA47600CC5BA7 /* Resources */,
			);
			buildRules = (
			);
			dependencies = (
				4CF6EF7B1BDCA47600CC5BA7 /* PBXTargetDependency */,
			);
			name = BabyLinkUITests;
			productName = BabyLinkUITests;
			productReference = 4CF6EF791BDCA47600CC5BA7 /* BabyLinkUITests.xctest */;
			productType = "com.apple.product-type.bundle.ui-testing";
		};
/* End PBXNativeTarget section */

/* Begin PBXProject section */
		4CF6EF521BDCA47600CC5BA7 /* Project object */ = {
			isa = PBXProject;
			attributes = {
				LastSwiftUpdateCheck = 0710;
				LastUpgradeCheck = 0710;
				ORGANIZATIONNAME = "黄倩";
				TargetAttributes = {
					4CF6EF591BDCA47600CC5BA7 = {
						CreatedOnToolsVersion = 7.1;
					};
					4CF6EF6D1BDCA47600CC5BA7 = {
						CreatedOnToolsVersion = 7.1;
						TestTargetID = 4CF6EF591BDCA47600CC5BA7;
					};
					4CF6EF781BDCA47600CC5BA7 = {
						CreatedOnToolsVersion = 7.1;
						TestTargetID = 4CF6EF591BDCA47600CC5BA7;
					};
				};
			};
			buildConfigurationList = 4CF6EF551BDCA47600CC5BA7 /* Build configuration list for PBXProject "BabyLink" */;
			compatibilityVersion = "Xcode 3.2";
			developmentRegion = English;
			hasScannedForEncodings = 0;
			knownRegions = (
				en,
				Base,
			);
			mainGroup = 4CF6EF511BDCA47600CC5BA7;
			productRefGroup = 4CF6EF5B1BDCA47600CC5BA7 /* Products */;
			projectDirPath = "";
			projectRoot = "";
			targets = (
				4CF6EF591BDCA47600CC5BA7 /* BabyLink */,
				4CF6EF6D1BDCA47600CC5BA7 /* BabyLinkTests */,
				4CF6EF781BDCA47600CC5BA7 /* BabyLinkUITests */,
			);
		};
/* End PBXProject section */

/* Begin PBXResourcesBuildPhase section */
		4CF6EF581BDCA47600CC5BA7 /* Resources */ = {
			isa = PBXResourcesBuildPhase;
			buildActionMask = 2147483647;
			files = (
				4CF6EF681BDCA47600CC5BA7 /* LaunchScreen.storyboard in Resources */,
				4CA2A85D1BEA4B750094A6FC /* UIActivityView.xib in Resources */,
				4CA2A8611BEA4BA90094A6FC /* UITopicView.xib in Resources */,
				4CF6EFB91BDF6ED000CC5BA7 /* UIShowViewController.xib in Resources */,
				4CA2A8711BEAE8D50094A6FC /* UIActivityInfoFirstTableViewCell.xib in Resources */,
				4CA2A8691BEA58E70094A6FC /* UIJoinViewController.xib in Resources */,
				4C07BB5C1BE5F456003E799B /* UISecondInfoViewController.xib in Resources */,
				4CF6EFAD1BDF50E900CC5BA7 /* UIBridgeViewController.xib in Resources */,
				4C07BB581BE5F445003E799B /* UIFirstInfoViewController.xib in Resources */,
				4C07BB501BE5CF41003E799B /* UIAgreementViewController.xib in Resources */,
				4CF6EFB51BDF68AD00CC5BA7 /* UILocalViewController.xib in Resources */,
				4CF6EFC51BDF6F6600CC5BA7 /* UILoginViewController.xib in Resources */,
				4CA2A83F1BE9C57B0094A6FC /* UIExchangeTableViewCell.xib in Resources */,
				4CF6EFC11BDF6EF900CC5BA7 /* UICenterViewController.xib in Resources */,
				4CA2A8751BEAE8E80094A6FC /* UIActivityInfoSecondTableViewCell.xib in Resources */,
				4CF6EFA31BDE5A2600CC5BA7 /* UIBaseNavViewController.xib in Resources */,
				4CA2A86D1BEA58F90094A6FC /* UIActivityInfoViewController.xib in Resources */,
				4CA2A83B1BE9C4D70094A6FC /* UITopicTableViewCell.xib in Resources */,
				4CA2A87D1BEAE93B0094A6FC /* UIActivityInfoForthTableViewCell.xib in Resources */,
				4CA2A8791BEAE9150094A6FC /* UIActivityInfoThirdTableViewCell.xib in Resources */,
				4CA2A8591BEA49880094A6FC /* UIActivityCollectionViewCell.xib in Resources */,
				4CA2A8371BE9C4BF0094A6FC /* UIActivityTableViewCell.xib in Resources */,
				4CA2A8811BEAE9520094A6FC /* UIActivityInfoFifthTableViewCell.xib in Resources */,
				4CF6EFCD1BDF6F9700CC5BA7 /* UIEnterViewController.xib in Resources */,
				4CA2A8631BEA4BC00094A6FC /* UIExchangeView.xib in Resources */,
				4CF6EF651BDCA47600CC5BA7 /* Assets.xcassets in Resources */,
				4CA59AD01BE85B6800C614FC /* UIShowNavigationView.xib in Resources */,
				4CA59ACC1BE7B08400C614FC /* UILocalNavigationView.xib in Resources */,
				4C07BB601BE60769003E799B /* UICenterTableViewCell.xib in Resources */,
				4CF6EFD11BDF6FE700CC5BA7 /* UIForgetPWViewController.xib in Resources */,
				4CF6EF631BDCA47600CC5BA7 /* Main.storyboard in Resources */,
				4CF6EFC91BDF6F7700CC5BA7 /* UIRegistViewController.xib in Resources */,
				4C07BB541BE5F433003E799B /* UIFullInfoViewController.xib in Resources */,
				4CF6EFBD1BDF6EE300CC5BA7 /* UIFindViewController.xib in Resources */,
				4CF6EFB11BDF512B00CC5BA7 /* UIBaseViewController.xib in Resources */,
				4CA59AC71BE79B3300C614FC /* UIChooseAddressViewController.xib in Resources */,
				4CF6EFA71BDE5A4700CC5BA7 /* UIBaseTabBarController.xib in Resources */,
			);
			runOnlyForDeploymentPostprocessing = 0;
		};
		4CF6EF6C1BDCA47600CC5BA7 /* Resources */ = {
			isa = PBXResourcesBuildPhase;
			buildActionMask = 2147483647;
			files = (
			);
			runOnlyForDeploymentPostprocessing = 0;
		};
		4CF6EF771BDCA47600CC5BA7 /* Resources */ = {
			isa = PBXResourcesBuildPhase;
			buildActionMask = 2147483647;
			files = (
			);
			runOnlyForDeploymentPostprocessing = 0;
		};
/* End PBXResourcesBuildPhase section */

/* Begin PBXSourcesBuildPhase section */
		4CF6EF561BDCA47600CC5BA7 /* Sources */ = {
			isa = PBXSourcesBuildPhase;
			buildActionMask = 2147483647;
			files = (
				4CA2A8361BE9C4BF0094A6FC /* UIActivityTableViewCell.swift in Sources */,
				4CA2A8651BEA4BCD0094A6FC /* UIExchangeView.swift in Sources */,
				4CF6EFA61BDE5A4700CC5BA7 /* UIBaseTabBarController.swift in Sources */,
				4CA2A8701BEAE8D50094A6FC /* UIActivityInfoFirstTableViewCell.swift in Sources */,
				4CA2A86C1BEA58F90094A6FC /* UIActivityInfoViewController.swift in Sources */,
				4C07BB531BE5F433003E799B /* UIFullInfoViewController.swift in Sources */,
				4CA2A83A1BE9C4D70094A6FC /* UITopicTableViewCell.swift in Sources */,
				4CA2A85F1BEA4B970094A6FC /* UITopicView.swift in Sources */,
				4CA2A8681BEA58E70094A6FC /* UIJoinViewController.swift in Sources */,
				4CA2A8541BEA456D0094A6FC /* UIImage+SingleColor.m in Sources */,
				4CF6EFB01BDF512B00CC5BA7 /* UIBaseViewController.swift in Sources */,
				4C07BB571BE5F445003E799B /* UIFirstInfoViewController.swift in Sources */,
				4CA2A8801BEAE9520094A6FC /* UIActivityInfoFifthTableViewCell.swift in Sources */,
				4CA2A87C1BEAE93B0094A6FC /* UIActivityInfoForthTableViewCell.swift in Sources */,
				4CF6EFD61BE260F400CC5BA7 /* UIBaseTabBar.swift in Sources */,
				4CF6EFC81BDF6F7700CC5BA7 /* UIRegistViewController.swift in Sources */,
				4CF6EFB41BDF68AD00CC5BA7 /* UILocalViewController.swift in Sources */,
				4CF6EFB81BDF6ED000CC5BA7 /* UIShowViewController.swift in Sources */,
				4CA2A8781BEAE9150094A6FC /* UIActivityInfoThirdTableViewCell.swift in Sources */,
				4CA2A85B1BEA4B680094A6FC /* UIActivityView.swift in Sources */,
				4CF6EFA21BDE5A2600CC5BA7 /* UIBaseNavViewController.swift in Sources */,
				4C07BB5F1BE60769003E799B /* UICenterTableViewCell.swift in Sources */,
				4CF6EFC41BDF6F6600CC5BA7 /* UILoginViewController.swift in Sources */,
				4CA2A8741BEAE8E80094A6FC /* UIActivityInfoSecondTableViewCell.swift in Sources */,
				4CF6EFC01BDF6EF900CC5BA7 /* UICenterViewController.swift in Sources */,
				4CF6EFD01BDF6FE700CC5BA7 /* UIForgetPWViewController.swift in Sources */,
				4C07BB5B1BE5F456003E799B /* UISecondInfoViewController.swift in Sources */,
				4CA59AC61BE79B3300C614FC /* UIChooseAddressViewController.swift in Sources */,
				4CA59ACE1BE85B5C00C614FC /* UIShowNavigationView.swift in Sources */,
				4CA2A8581BEA49880094A6FC /* UIActivityCollectionViewCell.swift in Sources */,
				4CA2A83E1BE9C57B0094A6FC /* UIExchangeTableViewCell.swift in Sources */,
				4CF6EFD31BDF70C400CC5BA7 /* NSUserInfoObject.swift in Sources */,
				4CF6EFAC1BDF50E900CC5BA7 /* UIBridgeViewController.m in Sources */,
				4C07BB4F1BE5CF41003E799B /* UIAgreementViewController.swift in Sources */,
				4CA2A84D1BEA40C20094A6FC /* UIButton+CustomStyle.m in Sources */,
				4CF6EFCC1BDF6F9700CC5BA7 /* UIEnterViewController.swift in Sources */,
				4CF6EFBC1BDF6EE300CC5BA7 /* UIFindViewController.swift in Sources */,
				4CF6EF601BDCA47600CC5BA7 /* ViewController.swift in Sources */,
				4CA59ACA1BE7B07600C614FC /* UILocalNavigationView.swift in Sources */,
				4CF6EF5E1BDCA47600CC5BA7 /* AppDelegate.swift in Sources */,
			);
			runOnlyForDeploymentPostprocessing = 0;
		};
		4CF6EF6A1BDCA47600CC5BA7 /* Sources */ = {
			isa = PBXSourcesBuildPhase;
			buildActionMask = 2147483647;
			files = (
				4CF6EF731BDCA47600CC5BA7 /* BabyLinkTests.swift in Sources */,
			);
			runOnlyForDeploymentPostprocessing = 0;
		};
		4CF6EF751BDCA47600CC5BA7 /* Sources */ = {
			isa = PBXSourcesBuildPhase;
			buildActionMask = 2147483647;
			files = (
				4CF6EF7E1BDCA47600CC5BA7 /* BabyLinkUITests.swift in Sources */,
			);
			runOnlyForDeploymentPostprocessing = 0;
		};
/* End PBXSourcesBuildPhase section */

/* Begin PBXTargetDependency section */
		4CF6EF701BDCA47600CC5BA7 /* PBXTargetDependency */ = {
			isa = PBXTargetDependency;
			target = 4CF6EF591BDCA47600CC5BA7 /* BabyLink */;
			targetProxy = 4CF6EF6F1BDCA47600CC5BA7 /* PBXContainerItemProxy */;
		};
		4CF6EF7B1BDCA47600CC5BA7 /* PBXTargetDependency */ = {
			isa = PBXTargetDependency;
			target = 4CF6EF591BDCA47600CC5BA7 /* BabyLink */;
			targetProxy = 4CF6EF7A1BDCA47600CC5BA7 /* PBXContainerItemProxy */;
		};
/* End PBXTargetDependency section */

/* Begin PBXVariantGroup section */
		4CF6EF611BDCA47600CC5BA7 /* Main.storyboard */ = {
			isa = PBXVariantGroup;
			children = (
				4CF6EF621BDCA47600CC5BA7 /* Base */,
			);
			name = Main.storyboard;
			sourceTree = "<group>";
		};
		4CF6EF661BDCA47600CC5BA7 /* LaunchScreen.storyboard */ = {
			isa = PBXVariantGroup;
			children = (
				4CF6EF671BDCA47600CC5BA7 /* Base */,
			);
			name = LaunchScreen.storyboard;
			sourceTree = "<group>";
		};
/* End PBXVariantGroup section */

/* Begin XCBuildConfiguration section */
		4CF6EF801BDCA47600CC5BA7 /* Debug */ = {
			isa = XCBuildConfiguration;
			buildSettings = {
				ALWAYS_SEARCH_USER_PATHS = NO;
				CLANG_CXX_LANGUAGE_STANDARD = "gnu++0x";
				CLANG_CXX_LIBRARY = "libc++";
				CLANG_ENABLE_MODULES = YES;
				CLANG_ENABLE_OBJC_ARC = YES;
				CLANG_WARN_BOOL_CONVERSION = YES;
				CLANG_WARN_CONSTANT_CONVERSION = YES;
				CLANG_WARN_DIRECT_OBJC_ISA_USAGE = YES_ERROR;
				CLANG_WARN_EMPTY_BODY = YES;
				CLANG_WARN_ENUM_CONVERSION = YES;
				CLANG_WARN_INT_CONVERSION = YES;
				CLANG_WARN_OBJC_ROOT_CLASS = YES_ERROR;
				CLANG_WARN_UNREACHABLE_CODE = YES;
				CLANG_WARN__DUPLICATE_METHOD_MATCH = YES;
				"CODE_SIGN_IDENTITY[sdk=iphoneos*]" = "iPhone Developer";
				COPY_PHASE_STRIP = NO;
				DEBUG_INFORMATION_FORMAT = dwarf;
				ENABLE_STRICT_OBJC_MSGSEND = YES;
				ENABLE_TESTABILITY = YES;
				GCC_C_LANGUAGE_STANDARD = gnu99;
				GCC_DYNAMIC_NO_PIC = NO;
				GCC_NO_COMMON_BLOCKS = YES;
				GCC_OPTIMIZATION_LEVEL = 0;
				GCC_PREPROCESSOR_DEFINITIONS = (
					"DEBUG=1",
					"$(inherited)",
				);
				GCC_WARN_64_TO_32_BIT_CONVERSION = YES;
				GCC_WARN_ABOUT_RETURN_TYPE = YES_ERROR;
				GCC_WARN_UNDECLARED_SELECTOR = YES;
				GCC_WARN_UNINITIALIZED_AUTOS = YES_AGGRESSIVE;
				GCC_WARN_UNUSED_FUNCTION = YES;
				GCC_WARN_UNUSED_VARIABLE = YES;
				IPHONEOS_DEPLOYMENT_TARGET = 9.1;
				MTL_ENABLE_DEBUG_INFO = YES;
				ONLY_ACTIVE_ARCH = YES;
				SDKROOT = iphoneos;
				SWIFT_OPTIMIZATION_LEVEL = "-Onone";
			};
			name = Debug;
		};
		4CF6EF811BDCA47600CC5BA7 /* Release */ = {
			isa = XCBuildConfiguration;
			buildSettings = {
				ALWAYS_SEARCH_USER_PATHS = NO;
				CLANG_CXX_LANGUAGE_STANDARD = "gnu++0x";
				CLANG_CXX_LIBRARY = "libc++";
				CLANG_ENABLE_MODULES = YES;
				CLANG_ENABLE_OBJC_ARC = YES;
				CLANG_WARN_BOOL_CONVERSION = YES;
				CLANG_WARN_CONSTANT_CONVERSION = YES;
				CLANG_WARN_DIRECT_OBJC_ISA_USAGE = YES_ERROR;
				CLANG_WARN_EMPTY_BODY = YES;
				CLANG_WARN_ENUM_CONVERSION = YES;
				CLANG_WARN_INT_CONVERSION = YES;
				CLANG_WARN_OBJC_ROOT_CLASS = YES_ERROR;
				CLANG_WARN_UNREACHABLE_CODE = YES;
				CLANG_WARN__DUPLICATE_METHOD_MATCH = YES;
				"CODE_SIGN_IDENTITY[sdk=iphoneos*]" = "iPhone Developer";
				COPY_PHASE_STRIP = NO;
				DEBUG_INFORMATION_FORMAT = "dwarf-with-dsym";
				ENABLE_NS_ASSERTIONS = NO;
				ENABLE_STRICT_OBJC_MSGSEND = YES;
				GCC_C_LANGUAGE_STANDARD = gnu99;
				GCC_NO_COMMON_BLOCKS = YES;
				GCC_WARN_64_TO_32_BIT_CONVERSION = YES;
				GCC_WARN_ABOUT_RETURN_TYPE = YES_ERROR;
				GCC_WARN_UNDECLARED_SELECTOR = YES;
				GCC_WARN_UNINITIALIZED_AUTOS = YES_AGGRESSIVE;
				GCC_WARN_UNUSED_FUNCTION = YES;
				GCC_WARN_UNUSED_VARIABLE = YES;
				IPHONEOS_DEPLOYMENT_TARGET = 9.1;
				MTL_ENABLE_DEBUG_INFO = NO;
				SDKROOT = iphoneos;
				VALIDATE_PRODUCT = YES;
			};
			name = Release;
		};
		4CF6EF831BDCA47600CC5BA7 /* Debug */ = {
			isa = XCBuildConfiguration;
			buildSettings = {
				ASSETCATALOG_COMPILER_APPICON_NAME = AppIcon;
				ASSETCATALOG_COMPILER_LAUNCHIMAGE_NAME = "Brand Assets";
				CLANG_ENABLE_MODULES = YES;
				CODE_SIGN_IDENTITY = "iPhone Developer";
				GCC_PREFIX_HEADER = BabyLink/Header/PrefixHeader.pch;
				INFOPLIST_FILE = BabyLink/Info.plist;
				IPHONEOS_DEPLOYMENT_TARGET = 8.0;
				LD_RUNPATH_SEARCH_PATHS = "$(inherited) @executable_path/Frameworks";
				PRODUCT_BUNDLE_IDENTIFIER = com.shiliuke.BabyLink;
				PRODUCT_NAME = "$(TARGET_NAME)";
				SWIFT_OBJC_BRIDGING_HEADER = "BabyLink/Class/base/BabyLink-Bridging-Header.h";
				SWIFT_OPTIMIZATION_LEVEL = "-Onone";
			};
			name = Debug;
		};
		4CF6EF841BDCA47600CC5BA7 /* Release */ = {
			isa = XCBuildConfiguration;
			buildSettings = {
				ASSETCATALOG_COMPILER_APPICON_NAME = AppIcon;
				ASSETCATALOG_COMPILER_LAUNCHIMAGE_NAME = "Brand Assets";
				CLANG_ENABLE_MODULES = YES;
				CODE_SIGN_IDENTITY = "iPhone Developer";
				GCC_PREFIX_HEADER = BabyLink/Header/PrefixHeader.pch;
				INFOPLIST_FILE = BabyLink/Info.plist;
				IPHONEOS_DEPLOYMENT_TARGET = 8.0;
				LD_RUNPATH_SEARCH_PATHS = "$(inherited) @executable_path/Frameworks";
				PRODUCT_BUNDLE_IDENTIFIER = com.shiliuke.BabyLink;
				PRODUCT_NAME = "$(TARGET_NAME)";
				SWIFT_OBJC_BRIDGING_HEADER = "BabyLink/Class/base/BabyLink-Bridging-Header.h";
			};
			name = Release;
		};
		4CF6EF861BDCA47600CC5BA7 /* Debug */ = {
			isa = XCBuildConfiguration;
			buildSettings = {
				BUNDLE_LOADER = "$(TEST_HOST)";
				INFOPLIST_FILE = BabyLinkTests/Info.plist;
				LD_RUNPATH_SEARCH_PATHS = "$(inherited) @executable_path/Frameworks @loader_path/Frameworks";
				PRODUCT_BUNDLE_IDENTIFIER = com.lechome.BabyLinkTests;
				PRODUCT_NAME = "$(TARGET_NAME)";
				TEST_HOST = "$(BUILT_PRODUCTS_DIR)/BabyLink.app/BabyLink";
			};
			name = Debug;
		};
		4CF6EF871BDCA47600CC5BA7 /* Release */ = {
			isa = XCBuildConfiguration;
			buildSettings = {
				BUNDLE_LOADER = "$(TEST_HOST)";
				INFOPLIST_FILE = BabyLinkTests/Info.plist;
				LD_RUNPATH_SEARCH_PATHS = "$(inherited) @executable_path/Frameworks @loader_path/Frameworks";
				PRODUCT_BUNDLE_IDENTIFIER = com.lechome.BabyLinkTests;
				PRODUCT_NAME = "$(TARGET_NAME)";
				TEST_HOST = "$(BUILT_PRODUCTS_DIR)/BabyLink.app/BabyLink";
			};
			name = Release;
		};
		4CF6EF891BDCA47600CC5BA7 /* Debug */ = {
			isa = XCBuildConfiguration;
			buildSettings = {
				INFOPLIST_FILE = BabyLinkUITests/Info.plist;
				LD_RUNPATH_SEARCH_PATHS = "$(inherited) @executable_path/Frameworks @loader_path/Frameworks";
				PRODUCT_BUNDLE_IDENTIFIER = com.lechome.BabyLinkUITests;
				PRODUCT_NAME = "$(TARGET_NAME)";
				TEST_TARGET_NAME = BabyLink;
				USES_XCTRUNNER = YES;
			};
			name = Debug;
		};
		4CF6EF8A1BDCA47600CC5BA7 /* Release */ = {
			isa = XCBuildConfiguration;
			buildSettings = {
				INFOPLIST_FILE = BabyLinkUITests/Info.plist;
				LD_RUNPATH_SEARCH_PATHS = "$(inherited) @executable_path/Frameworks @loader_path/Frameworks";
				PRODUCT_BUNDLE_IDENTIFIER = com.lechome.BabyLinkUITests;
				PRODUCT_NAME = "$(TARGET_NAME)";
				TEST_TARGET_NAME = BabyLink;
				USES_XCTRUNNER = YES;
			};
			name = Release;
		};
/* End XCBuildConfiguration section */

/* Begin XCConfigurationList section */
		4CF6EF551BDCA47600CC5BA7 /* Build configuration list for PBXProject "BabyLink" */ = {
			isa = XCConfigurationList;
			buildConfigurations = (
				4CF6EF801BDCA47600CC5BA7 /* Debug */,
				4CF6EF811BDCA47600CC5BA7 /* Release */,
			);
			defaultConfigurationIsVisible = 0;
			defaultConfigurationName = Release;
		};
		4CF6EF821BDCA47600CC5BA7 /* Build configuration list for PBXNativeTarget "BabyLink" */ = {
			isa = XCConfigurationList;
			buildConfigurations = (
				4CF6EF831BDCA47600CC5BA7 /* Debug */,
				4CF6EF841BDCA47600CC5BA7 /* Release */,
			);
			defaultConfigurationIsVisible = 0;
			defaultConfigurationName = Release;
		};
		4CF6EF851BDCA47600CC5BA7 /* Build configuration list for PBXNativeTarget "BabyLinkTests" */ = {
			isa = XCConfigurationList;
			buildConfigurations = (
				4CF6EF861BDCA47600CC5BA7 /* Debug */,
				4CF6EF871BDCA47600CC5BA7 /* Release */,
			);
			defaultConfigurationIsVisible = 0;
			defaultConfigurationName = Release;
		};
		4CF6EF881BDCA47600CC5BA7 /* Build configuration list for PBXNativeTarget "BabyLinkUITests" */ = {
			isa = XCConfigurationList;
			buildConfigurations = (
				4CF6EF891BDCA47600CC5BA7 /* Debug */,
				4CF6EF8A1BDCA47600CC5BA7 /* Release */,
			);
			defaultConfigurationIsVisible = 0;
			defaultConfigurationName = Release;
		};
/* End XCConfigurationList section */
	};
	rootObject = 4CF6EF521BDCA47600CC5BA7 /* Project object */;
}
